
Microsoft Visual Studio Solution File, Format Version 12.00
# Visual Studio 15
VisualStudioVersion = 15.0.27130.2027
MinimumVisualStudioVersion = 10.0.40219.1
Project("{FAE04EC0-301F-11D3-BF4B-00C04F79EFBC}") = "BridgePattern", "BridgePattern\BridgePattern.csproj", "{046D2CC4-BD3B-4C34-90F4-8BFF33590E0A}"
EndProject
Project("{FAE04EC0-301F-11D3-BF4B-00C04F79EFBC}") = "BridgePatternClient", "BridgePatternClient\BridgePatternClient.csproj", "{947F4656-8776-40CE-B824-2E7AB2BE7D0B}"
EndProject
Global
	GlobalSection(SolutionConfigurationPlatforms) = preSolution
		Debug|Any CPU = Debug|Any CPU
		Release|Any CPU = Release|Any CPU
	EndGlobalSection
	GlobalSection(ProjectConfigurationPlatforms) = postSolution
		{046D2CC4-BD3B-4C34-90F4-8BFF33590E0A}.Debug|Any CPU.ActiveCfg = Debug|Any CPU
		{046D2CC4-BD3B-4C34-90F4-8BFF33590E0A}.Debug|Any CPU.Build.0 = Debug|Any CPU
		{046D2CC4-BD3B-4C34-90F4-8BFF33590E0A}.Release|Any CPU.ActiveCfg = Release|Any CPU
		{046D2CC4-BD3B-4C34-90F4-8BFF33590E0A}.Release|Any CPU.Build.0 = Release|Any CPU
		{947F4656-8776-40CE-B824-2E7AB2BE7D0B}.Debug|Any CPU.ActiveCfg = Debug|Any CPU
		{947F4656-8776-40CE-B824-2E7AB2BE7D0B}.Debug|Any CPU.Build.0 = Debug|Any CPU
		{947F4656-8776-40CE-B824-2E7AB2BE7D0B}.Release|Any CPU.ActiveCfg = Release|Any CPU
		{947F4656-8776-40CE-B824-2E7AB2BE7D0B}.Release|Any CPU.Build.0 = Release|Any CPU
	EndGlobalSection
	GlobalSection(SolutionProperties) = preSolution
		HideSolutionNode = FALSE
	EndGlobalSection
	GlobalSection(ExtensibilityGlobals) = postSolution
		SolutionGuid = {003AD729-E65A-4727-85CF-9E6BB1573A08}
	EndGlobalSection
EndGlobal
